// !$*UTF8*$!
{
	archiveVersion = 1;
	classes = {
	};
	objectVersion = 77;
	objects = {

/* Begin PBXBuildFile section */
		F784ACD62DCE094E00D3675F /* FirebaseAuth in Frameworks */ = {isa = PBXBuildFile; productRef = F784ACD52DCE094E00D3675F /* FirebaseAuth */; };
		F784ACD82DCE094E00D3675F /* FirebaseCore in Frameworks */ = {isa = PBXBuildFile; productRef = F784ACD72DCE094E00D3675F /* FirebaseCore */; };
		F784ACDA2DCE094E00D3675F /* FirebaseFirestore in Frameworks */ = {isa = PBXBuildFile; productRef = F784ACD92DCE094E00D3675F /* FirebaseFirestore */; };
		F784ACDC2DCE094E00D3675F /* FirebaseStorage in Frameworks */ = {isa = PBXBuildFile; productRef = F784ACDB2DCE094E00D3675F /* FirebaseStorage */; };
/* End PBXBuildFile section */

/* Begin PBXContainerItemProxy section */
		F73CFFE72DCB4F46001F0A06 /* PBXContainerItemProxy */ = {
			isa = PBXContainerItemProxy;
			containerPortal = F73CFFCE2DCB4F45001F0A06 /* Project object */;
			proxyType = 1;
			remoteGlobalIDString = F73CFFD52DCB4F45001F0A06;
			remoteInfo = "number recall";
		};
		F73CFFF12DCB4F46001F0A06 /* PBXContainerItemProxy */ = {
			isa = PBXContainerItemProxy;
			containerPortal = F73CFFCE2DCB4F45001F0A06 /* Project object */;
			proxyType = 1;
			remoteGlobalIDString = F73CFFD52DCB4F45001F0A06;
			remoteInfo = "number recall";
		};
/* End PBXContainerItemProxy section */

/* Begin PBXFileReference section */
		F73CFFD62DCB4F45001F0A06 /* number recall.app */ = {isa = PBXFileReference; explicitFileType = wrapper.application; includeInIndex = 0; path = "number recall.app"; sourceTree = BUILT_PRODUCTS_DIR; };
		F73CFFE62DCB4F46001F0A06 /* number recallTests.xctest */ = {isa = PBXFileReference; explicitFileType = wrapper.cfbundle; includeInIndex = 0; path = "number recallTests.xctest"; sourceTree = BUILT_PRODUCTS_DIR; };
		F73CFFF02DCB4F46001F0A06 /* number recallUITests.xctest */ = {isa = PBXFileReference; explicitFileType = wrapper.cfbundle; includeInIndex = 0; path = "number recallUITests.xctest"; sourceTree = BUILT_PRODUCTS_DIR; };
/* End PBXFileReference section */

/* Begin PBXFileSystemSynchronizedRootGroup section */
		F73CFFD82DCB4F45001F0A06 /* number recall */ = {
			isa = PBXFileSystemSynchronizedRootGroup;
			path = "number recall";
			sourceTree = "<group>";
		};
		F73CFFE92DCB4F46001F0A06 /* number recallTests */ = {
			isa = PBXFileSystemSynchronizedRootGroup;
			path = "number recallTests";
			sourceTree = "<group>";
		};
		F73CFFF32DCB4F46001F0A06 /* number recallUITests */ = {
			isa = PBXFileSystemSynchronizedRootGroup;
			path = "number recallUITests";
			sourceTree = "<group>";
		};
/* End PBXFileSystemSynchronizedRootGroup section */

/* Begin PBXFrameworksBuildPhase section */
		F73CFFD32DCB4F45001F0A06 /* Frameworks */ = {
			isa = PBXFrameworksBuildPhase;
			buildActionMask = 2147483647;
			files = (
				F784ACD82DCE094E00D3675F /* FirebaseCore in Frameworks */,
				F784ACDC2DCE094E00D3675F /* FirebaseStorage in Frameworks */,
				F784ACD62DCE094E00D3675F /* FirebaseAuth in Frameworks */,
				F784ACDA2DCE094E00D3675F /* FirebaseFirestore in Frameworks */,
			);
			runOnlyForDeploymentPostprocessing = 0;
		};
		F73CFFE32DCB4F46001F0A06 /* Frameworks */ = {
			isa = PBXFrameworksBuildPhase;
			buildActionMask = 2147483647;
			files = (
			);
			runOnlyForDeploymentPostprocessing = 0;
		};
		F73CFFED2DCB4F46001F0A06 /* Frameworks */ = {
			isa = PBXFrameworksBuildPhase;
			buildActionMask = 2147483647;
			files = (
			);
			runOnlyForDeploymentPostprocessing = 0;
		};
/* End PBXFrameworksBuildPhase section */

/* Begin PBXGroup section */
		F73CFFCD2DCB4F45001F0A06 = {
			isa = PBXGroup;
			children = (
				F73CFFD82DCB4F45001F0A06 /* number recall */,
				F73CFFE92DCB4F46001F0A06 /* number recallTests */,
				F73CFFF32DCB4F46001F0A06 /* number recallUITests */,
				F73CFFD72DCB4F45001F0A06 /* Products */,
			);
			sourceTree = "<group>";
		};
		F73CFFD72DCB4F45001F0A06 /* Products */ = {
			isa = PBXGroup;
			children = (
				F73CFFD62DCB4F45001F0A06 /* number recall.app */,
				F73CFFE62DCB4F46001F0A06 /* number recallTests.xctest */,
				F73CFFF02DCB4F46001F0A06 /* number recallUITests.xctest */,
			);
			name = Products;
			sourceTree = "<group>";
		};
/* End PBXGroup section */

/* Begin PBXNativeTarget section */
		F73CFFD52DCB4F45001F0A06 /* number recall */ = {
			isa = PBXNativeTarget;
			buildConfigurationList = F73CFFFA2DCB4F46001F0A06 /* Build configuration list for PBXNativeTarget "number recall" */;
			buildPhases = (
				F73CFFD22DCB4F45001F0A06 /* Sources */,
				F73CFFD32DCB4F45001F0A06 /* Frameworks */,
				F73CFFD42DCB4F45001F0A06 /* Resources */,
			);
			buildRules = (
			);
			dependencies = (
			);
			fileSystemSynchronizedGroups = (
				F73CFFD82DCB4F45001F0A06 /* number recall */,
			);
			name = "number recall";
			packageProductDependencies = (
				F784ACD52DCE094E00D3675F /* FirebaseAuth */,
				F784ACD72DCE094E00D3675F /* FirebaseCore */,
				F784ACD92DCE094E00D3675F /* FirebaseFirestore */,
				F784ACDB2DCE094E00D3675F /* FirebaseStorage */,
			);
			productName = "number recall";
			productReference = F73CFFD62DCB4F45001F0A06 /* number recall.app */;
			productType = "com.apple.product-type.application";
		};
		F73CFFE52DCB4F46001F0A06 /* number recallTests */ = {
			isa = PBXNativeTarget;
			buildConfigurationList = F73CFFFD2DCB4F46001F0A06 /* Build configuration list for PBXNativeTarget "number recallTests" */;
			buildPhases = (
				F73CFFE22DCB4F46001F0A06 /* Sources */,
				F73CFFE32DCB4F46001F0A06 /* Frameworks */,
				F73CFFE42DCB4F46001F0A06 /* Resources */,
			);
			buildRules = (
			);
			dependencies = (
				F73CFFE82DCB4F46001F0A06 /* PBXTargetDependency */,
			);
			fileSystemSynchronizedGroups = (
				F73CFFE92DCB4F46001F0A06 /* number recallTests */,
			);
			name = "number recallTests";
			packageProductDependencies = (
			);
			productName = "number recallTests";
			productReference = F73CFFE62DCB4F46001F0A06 /* number recallTests.xctest */;
			productType = "com.apple.product-type.bundle.unit-test";
		};
		F73CFFEF2DCB4F46001F0A06 /* number recallUITests */ = {
			isa = PBXNativeTarget;
			buildConfigurationList = F73C00002DCB4F46001F0A06 /* Build configuration list for PBXNativeTarget "number recallUITests" */;
			buildPhases = (
				F73CFFEC2DCB4F46001F0A06 /* Sources */,
				F73CFFED2DCB4F46001F0A06 /* Frameworks */,
				F73CFFEE2DCB4F46001F0A06 /* Resources */,
			);
			buildRules = (
			);
			dependencies = (
				F73CFFF22DCB4F46001F0A06 /* PBXTargetDependency */,
			);
			fileSystemSynchronizedGroups = (
				F73CFFF32DCB4F46001F0A06 /* number recallUITests */,
			);
			name = "number recallUITests";
			packageProductDependencies = (
			);
			productName = "number recallUITests";
			productReference = F73CFFF02DCB4F46001F0A06 /* number recallUITests.xctest */;
			productType = "com.apple.product-type.bundle.ui-testing";
		};
/* End PBXNativeTarget section */

/* Begin PBXProject section */
		F73CFFCE2DCB4F45001F0A06 /* Project object */ = {
			isa = PBXProject;
			attributes = {
				BuildIndependentTargetsInParallel = 1;
				LastSwiftUpdateCheck = 1620;
				LastUpgradeCheck = 1620;
				TargetAttributes = {
					F73CFFD52DCB4F45001F0A06 = {
						CreatedOnToolsVersion = 16.2;
					};
					F73CFFE52DCB4F46001F0A06 = {
						CreatedOnToolsVersion = 16.2;
						TestTargetID = F73CFFD52DCB4F45001F0A06;
					};
					F73CFFEF2DCB4F46001F0A06 = {
						CreatedOnToolsVersion = 16.2;
						TestTargetID = F73CFFD52DCB4F45001F0A06;
					};
				};
			};
			buildConfigurationList = F73CFFD12DCB4F45001F0A06 /* Build configuration list for PBXProject "number recall" */;
			developmentRegion = en;
			hasScannedForEncodings = 0;
			knownRegions = (
				en,
				Base,
			);
			mainGroup = F73CFFCD2DCB4F45001F0A06;
			minimizedProjectReferenceProxies = 1;
			packageReferences = (
				F784ACD42DCE094E00D3675F /* XCRemoteSwiftPackageReference "firebase-ios-sdk" */,
			);
			preferredProjectObjectVersion = 77;
			productRefGroup = F73CFFD72DCB4F45001F0A06 /* Products */;
			projectDirPath = "";
			projectRoot = "";
			targets = (
				F73CFFD52DCB4F45001F0A06 /* number recall */,
				F73CFFE52DCB4F46001F0A06 /* number recallTests */,
				F73CFFEF2DCB4F46001F0A06 /* number recallUITests */,
			);
		};
/* End PBXProject section */

/* Begin PBXResourcesBuildPhase section */
		F73CFFD42DCB4F45001F0A06 /* Resources */ = {
			isa = PBXResourcesBuildPhase;
			buildActionMask = 2147483647;
			files = (
			);
			runOnlyForDeploymentPostprocessing = 0;
		};
		F73CFFE42DCB4F46001F0A06 /* Resources */ = {
			isa = PBXResourcesBuildPhase;
			buildActionMask = 2147483647;
			files = (
			);
			runOnlyForDeploymentPostprocessing = 0;
		};
		F73CFFEE2DCB4F46001F0A06 /* Resources */ = {
			isa = PBXResourcesBuildPhase;
			buildActionMask = 2147483647;
			files = (
			);
			runOnlyForDeploymentPostprocessing = 0;
		};
/* End PBXResourcesBuildPhase section */

/* Begin PBXSourcesBuildPhase section */
		F73CFFD22DCB4F45001F0A06 /* Sources */ = {
			isa = PBXSourcesBuildPhase;
			buildActionMask = 2147483647;
			files = (
			);
			runOnlyForDeploymentPostprocessing = 0;
		};
		F73CFFE22DCB4F46001F0A06 /* Sources */ = {
			isa = PBXSourcesBuildPhase;
			buildActionMask = 2147483647;
			files = (
			);
			runOnlyForDeploymentPostprocessing = 0;
		};
		F73CFFEC2DCB4F46001F0A06 /* Sources */ = {
			isa = PBXSourcesBuildPhase;
			buildActionMask = 2147483647;
			files = (
			);
			runOnlyForDeploymentPostprocessing = 0;
		};
/* End PBXSourcesBuildPhase section */

/* Begin PBXTargetDependency section */
		F73CFFE82DCB4F46001F0A06 /* PBXTargetDependency */ = {
			isa = PBXTargetDependency;
			target = F73CFFD52DCB4F45001F0A06 /* number recall */;
			targetProxy = F73CFFE72DCB4F46001F0A06 /* PBXContainerItemProxy */;
		};
		F73CFFF22DCB4F46001F0A06 /* PBXTargetDependency */ = {
			isa = PBXTargetDependency;
			target = F73CFFD52DCB4F45001F0A06 /* number recall */;
			targetProxy = F73CFFF12DCB4F46001F0A06 /* PBXContainerItemProxy */;
		};
/* End PBXTargetDependency section */

/* Begin XCBuildConfiguration section */
		F73C00012DCB4F46001F0A06 /* Debug */ = {
			isa = XCBuildConfiguration;
			buildSettings = {
				CODE_SIGN_STYLE = Automatic;
				CURRENT_PROJECT_VERSION = 1;
				GENERATE_INFOPLIST_FILE = YES;
				MARKETING_VERSION = 1.0;
				PRODUCT_BUNDLE_IDENTIFIER = "th.ac.tu.yanatthan.number-recallUITests";
				PRODUCT_NAME = "$(TARGET_NAME)";
				SWIFT_EMIT_LOC_STRINGS = NO;
				SWIFT_VERSION = 5.0;
				TARGETED_DEVICE_FAMILY = "1,2";
				TEST_TARGET_NAME = "number recall";
			};
			name = Debug;
		};
		F73C00022DCB4F46001F0A06 /* Release */ = {
			isa = XCBuildConfiguration;
			buildSettings = {
				CODE_SIGN_STYLE = Automatic;
				CURRENT_PROJECT_VERSION = 1;
				GENERATE_INFOPLIST_FILE = YES;
				MARKETING_VERSION = 1.0;
				PRODUCT_BUNDLE_IDENTIFIER = "th.ac.tu.yanatthan.number-recallUITests";
				PRODUCT_NAME = "$(TARGET_NAME)";
				SWIFT_EMIT_LOC_STRINGS = NO;
				SWIFT_VERSION = 5.0;
				TARGETED_DEVICE_FAMILY = "1,2";
				TEST_TARGET_NAME = "number recall";
			};
			name = Release;
		};
		F73CFFF82DCB4F46001F0A06 /* Debug */ = {
			isa = XCBuildConfiguration;
			buildSettings = {
				ALWAYS_SEARCH_USER_PATHS = NO;
				ASSETCATALOG_COMPILER_GENERATE_SWIFT_ASSET_SYMBOL_EXTENSIONS = YES;
				CLANG_ANALYZER_NONNULL = YES;
				CLANG_ANALYZER_NUMBER_OBJECT_CONVERSION = YES_AGGRESSIVE;
				CLANG_CXX_LANGUAGE_STANDARD = "gnu++20";
				CLANG_ENABLE_MODULES = YES;
				CLANG_ENABLE_OBJC_ARC = YES;
				CLANG_ENABLE_OBJC_WEAK = YES;
				CLANG_WARN_BLOCK_CAPTURE_AUTORELEASING = YES;
				CLANG_WARN_BOOL_CONVERSION = YES;
				CLANG_WARN_COMMA = YES;
				CLANG_WARN_CONSTANT_CONVERSION = YES;
				CLANG_WARN_DEPRECATED_OBJC_IMPLEMENTATIONS = YES;
				CLANG_WARN_DIRECT_OBJC_ISA_USAGE = YES_ERROR;
				CLANG_WARN_DOCUMENTATION_COMMENTS = YES;
				CLANG_WARN_EMPTY_BODY = YES;
				CLANG_WARN_ENUM_CONVERSION = YES;
				CLANG_WARN_INFINITE_RECURSION = YES;
				CLANG_WARN_INT_CONVERSION = YES;
				CLANG_WARN_NON_LITERAL_NULL_CONVERSION = YES;
				CLANG_WARN_OBJC_IMPLICIT_RETAIN_SELF = YES;
				CLANG_WARN_OBJC_LITERAL_CONVERSION = YES;
				CLANG_WARN_OBJC_ROOT_CLASS = YES_ERROR;
				CLANG_WARN_QUOTED_INCLUDE_IN_FRAMEWORK_HEADER = YES;
				CLANG_WARN_RANGE_LOOP_ANALYSIS = YES;
				CLANG_WARN_STRICT_PROTOTYPES = YES;
				CLANG_WARN_SUSPICIOUS_MOVE = YES;
				CLANG_WARN_UNGUARDED_AVAILABILITY = YES_AGGRESSIVE;
				CLANG_WARN_UNREACHABLE_CODE = YES;
				CLANG_WARN__DUPLICATE_METHOD_MATCH = YES;
				COPY_PHASE_STRIP = NO;
				DEBUG_INFORMATION_FORMAT = dwarf;
				ENABLE_STRICT_OBJC_MSGSEND = YES;
				ENABLE_TESTABILITY = YES;
				ENABLE_USER_SCRIPT_SANDBOXING = YES;
				GCC_C_LANGUAGE_STANDARD = gnu17;
				GCC_DYNAMIC_NO_PIC = NO;
				GCC_NO_COMMON_BLOCKS = YES;
				GCC_OPTIMIZATION_LEVEL = 0;
				GCC_PREPROCESSOR_DEFINITIONS = (
					"DEBUG=1",
					"$(inherited)",
				);
				GCC_WARN_64_TO_32_BIT_CONVERSION = YES;
				GCC_WARN_ABOUT_RETURN_TYPE = YES_ERROR;
				GCC_WARN_UNDECLARED_SELECTOR = YES;
				GCC_WARN_UNINITIALIZED_AUTOS = YES_AGGRESSIVE;
				GCC_WARN_UNUSED_FUNCTION = YES;
				GCC_WARN_UNUSED_VARIABLE = YES;
				IPHONEOS_DEPLOYMENT_TARGET = 18.2;
				LOCALIZATION_PREFERS_STRING_CATALOGS = YES;
				MTL_ENABLE_DEBUG_INFO = INCLUDE_SOURCE;
				MTL_FAST_MATH = YES;
				ONLY_ACTIVE_ARCH = YES;
				SDKROOT = iphoneos;
				SWIFT_ACTIVE_COMPILATION_CONDITIONS = "DEBUG $(inherited)";
				SWIFT_OPTIMIZATION_LEVEL = "-Onone";
			};
			name = Debug;
		};
		F73CFFF92DCB4F46001F0A06 /* Release */ = {
			isa = XCBuildConfiguration;
			buildSettings = {
				ALWAYS_SEARCH_USER_PATHS = NO;
				ASSETCATALOG_COMPILER_GENERATE_SWIFT_ASSET_SYMBOL_EXTENSIONS = YES;
				CLANG_ANALYZER_NONNULL = YES;
				CLANG_ANALYZER_NUMBER_OBJECT_CONVERSION = YES_AGGRESSIVE;
				CLANG_CXX_LANGUAGE_STANDARD = "gnu++20";
				CLANG_ENABLE_MODULES = YES;
				CLANG_ENABLE_OBJC_ARC = YES;
				CLANG_ENABLE_OBJC_WEAK = YES;
				CLANG_WARN_BLOCK_CAPTURE_AUTORELEASING = YES;
				CLANG_WARN_BOOL_CONVERSION = YES;
				CLANG_WARN_COMMA = YES;
				CLANG_WARN_CONSTANT_CONVERSION = YES;
				CLANG_WARN_DEPRECATED_OBJC_IMPLEMENTATIONS = YES;
				CLANG_WARN_DIRECT_OBJC_ISA_USAGE = YES_ERROR;
				CLANG_WARN_DOCUMENTATION_COMMENTS = YES;
				CLANG_WARN_EMPTY_BODY = YES;
				CLANG_WARN_ENUM_CONVERSION = YES;
				CLANG_WARN_INFINITE_RECURSION = YES;
				CLANG_WARN_INT_CONVERSION = YES;
				CLANG_WARN_NON_LITERAL_NULL_CONVERSION = YES;
				CLANG_WARN_OBJC_IMPLICIT_RETAIN_SELF = YES;
				CLANG_WARN_OBJC_LITERAL_CONVERSION = YES;
				CLANG_WARN_OBJC_ROOT_CLASS = YES_ERROR;
				CLANG_WARN_QUOTED_INCLUDE_IN_FRAMEWORK_HEADER = YES;
				CLANG_WARN_RANGE_LOOP_ANALYSIS = YES;
				CLANG_WARN_STRICT_PROTOTYPES = YES;
				CLANG_WARN_SUSPICIOUS_MOVE = YES;
				CLANG_WARN_UNGUARDED_AVAILABILITY = YES_AGGRESSIVE;
				CLANG_WARN_UNREACHABLE_CODE = YES;
				CLANG_WARN__DUPLICATE_METHOD_MATCH = YES;
				COPY_PHASE_STRIP = NO;
				DEBUG_INFORMATION_FORMAT = "dwarf-with-dsym";
				ENABLE_NS_ASSERTIONS = NO;
				ENABLE_STRICT_OBJC_MSGSEND = YES;
				ENABLE_USER_SCRIPT_SANDBOXING = YES;
				GCC_C_LANGUAGE_STANDARD = gnu17;
				GCC_NO_COMMON_BLOCKS = YES;
				GCC_WARN_64_TO_32_BIT_CONVERSION = YES;
				GCC_WARN_ABOUT_RETURN_TYPE = YES_ERROR;
				GCC_WARN_UNDECLARED_SELECTOR = YES;
				GCC_WARN_UNINITIALIZED_AUTOS = YES_AGGRESSIVE;
				GCC_WARN_UNUSED_FUNCTION = YES;
				GCC_WARN_UNUSED_VARIABLE = YES;
				IPHONEOS_DEPLOYMENT_TARGET = 18.2;
				LOCALIZATION_PREFERS_STRING_CATALOGS = YES;
				MTL_ENABLE_DEBUG_INFO = NO;
				MTL_FAST_MATH = YES;
				SDKROOT = iphoneos;
				SWIFT_COMPILATION_MODE = wholemodule;
				VALIDATE_PRODUCT = YES;
			};
			name = Release;
		};
		F73CFFFB2DCB4F46001F0A06 /* Debug */ = {
			isa = XCBuildConfiguration;
			buildSettings = {
				ASSETCATALOG_COMPILER_APPICON_NAME = AppIcon;
				ASSETCATALOG_COMPILER_GLOBAL_ACCENT_COLOR_NAME = AccentColor;
				CODE_SIGN_STYLE = Automatic;
				CURRENT_PROJECT_VERSION = 1;
				DEVELOPMENT_ASSET_PATHS = "\"number recall/Preview Content\"";
				DEVELOPMENT_TEAM = 4T4V9SAQJS;
				ENABLE_PREVIEWS = YES;
				GENERATE_INFOPLIST_FILE = YES;
				INFOPLIST_KEY_UIApplicationSceneManifest_Generation = YES;
				INFOPLIST_KEY_UIApplicationSupportsIndirectInputEvents = YES;
				INFOPLIST_KEY_UILaunchScreen_Generation = YES;
				INFOPLIST_KEY_UISupportedInterfaceOrientations_iPad = "UIInterfaceOrientationPortrait UIInterfaceOrientationPortraitUpsideDown UIInterfaceOrientationLandscapeLeft UIInterfaceOrientationLandscapeRight";
				INFOPLIST_KEY_UISupportedInterfaceOrientations_iPhone = "UIInterfaceOrientationPortrait UIInterfaceOrientationLandscapeLeft UIInterfaceOrientationLandscapeRight";
				LD_RUNPATH_SEARCH_PATHS = (
					"$(inherited)",
					"@executable_path/Frameworks",
				);
				MARKETING_VERSION = 1.0;
				PRODUCT_BUNDLE_IDENTIFIER = "th.ac.tu.yanatthan.number-recall";
				PRODUCT_NAME = "$(TARGET_NAME)";
				SWIFT_EMIT_LOC_STRINGS = YES;
				SWIFT_VERSION = 5.0;
				TARGETED_DEVICE_FAMILY = "1,2";
			};
			name = Debug;
		};
		F73CFFFC2DCB4F46001F0A06 /* Release */ = {
			isa = XCBuildConfiguration;
			buildSettings = {
				ASSETCATALOG_COMPILER_APPICON_NAME = AppIcon;
				ASSETCATALOG_COMPILER_GLOBAL_ACCENT_COLOR_NAME = AccentColor;
				CODE_SIGN_STYLE = Automatic;
				CURRENT_PROJECT_VERSION = 1;
				DEVELOPMENT_ASSET_PATHS = "\"number recall/Preview Content\"";
				DEVELOPMENT_TEAM = 4T4V9SAQJS;
				ENABLE_PREVIEWS = YES;
				GENERATE_INFOPLIST_FILE = YES;
				INFOPLIST_KEY_UIApplicationSceneManifest_Generation = YES;
				INFOPLIST_KEY_UIApplicationSupportsIndirectInputEvents = YES;
				INFOPLIST_KEY_UILaunchScreen_Generation = YES;
				INFOPLIST_KEY_UISupportedInterfaceOrientations_iPad = "UIInterfaceOrientationPortrait UIInterfaceOrientationPortraitUpsideDown UIInterfaceOrientationLandscapeLeft UIInterfaceOrientationLandscapeRight";
				INFOPLIST_KEY_UISupportedInterfaceOrientations_iPhone = "UIInterfaceOrientationPortrait UIInterfaceOrientationLandscapeLeft UIInterfaceOrientationLandscapeRight";
				LD_RUNPATH_SEARCH_PATHS = (
					"$(inherited)",
					"@executable_path/Frameworks",
				);
				MARKETING_VERSION = 1.0;
				PRODUCT_BUNDLE_IDENTIFIER = "th.ac.tu.yanatthan.number-recall";
				PRODUCT_NAME = "$(TARGET_NAME)";
				SWIFT_EMIT_LOC_STRINGS = YES;
				SWIFT_VERSION = 5.0;
				TARGETED_DEVICE_FAMILY = "1,2";
			};
			name = Release;
		};
		F73CFFFE2DCB4F46001F0A06 /* Debug */ = {
			isa = XCBuildConfiguration;
			buildSettings = {
				BUNDLE_LOADER = "$(TEST_HOST)";
				CODE_SIGN_STYLE = Automatic;
				CURRENT_PROJECT_VERSION = 1;
				GENERATE_INFOPLIST_FILE = YES;
				IPHONEOS_DEPLOYMENT_TARGET = 18.2;
				MARKETING_VERSION = 1.0;
				PRODUCT_BUNDLE_IDENTIFIER = "th.ac.tu.yanatthan.number-recallTests";
				PRODUCT_NAME = "$(TARGET_NAME)";
				SWIFT_EMIT_LOC_STRINGS = NO;
				SWIFT_VERSION = 5.0;
				TARGETED_DEVICE_FAMILY = "1,2";
				TEST_HOST = "$(BUILT_PRODUCTS_DIR)/number recall.app/$(BUNDLE_EXECUTABLE_FOLDER_PATH)/number recall";
			};
			name = Debug;
		};
		F73CFFFF2DCB4F46001F0A06 /* Release */ = {
			isa = XCBuildConfiguration;
			buildSettings = {
				BUNDLE_LOADER = "$(TEST_HOST)";
				CODE_SIGN_STYLE = Automatic;
				CURRENT_PROJECT_VERSION = 1;
				GENERATE_INFOPLIST_FILE = YES;
				IPHONEOS_DEPLOYMENT_TARGET = 18.2;
				MARKETING_VERSION = 1.0;
				PRODUCT_BUNDLE_IDENTIFIER = "th.ac.tu.yanatthan.number-recallTests";
				PRODUCT_NAME = "$(TARGET_NAME)";
				SWIFT_EMIT_LOC_STRINGS = NO;
				SWIFT_VERSION = 5.0;
				TARGETED_DEVICE_FAMILY = "1,2";
				TEST_HOST = "$(BUILT_PRODUCTS_DIR)/number recall.app/$(BUNDLE_EXECUTABLE_FOLDER_PATH)/number recall";
			};
			name = Release;
		};
/* End XCBuildConfiguration section */

/* Begin XCConfigurationList section */
		F73C00002DCB4F46001F0A06 /* Build configuration list for PBXNativeTarget "number recallUITests" */ = {
			isa = XCConfigurationList;
			buildConfigurations = (
				F73C00012DCB4F46001F0A06 /* Debug */,
				F73C00022DCB4F46001F0A06 /* Release */,
			);
			defaultConfigurationIsVisible = 0;
			defaultConfigurationName = Release;
		};
		F73CFFD12DCB4F45001F0A06 /* Build configuration list for PBXProject "number recall" */ = {
			isa = XCConfigurationList;
			buildConfigurations = (
				F73CFFF82DCB4F46001F0A06 /* Debug */,
				F73CFFF92DCB4F46001F0A06 /* Release */,
			);
			defaultConfigurationIsVisible = 0;
			defaultConfigurationName = Release;
		};
		F73CFFFA2DCB4F46001F0A06 /* Build configuration list for PBXNativeTarget "number recall" */ = {
			isa = XCConfigurationList;
			buildConfigurations = (
				F73CFFFB2DCB4F46001F0A06 /* Debug */,
				F73CFFFC2DCB4F46001F0A06 /* Release */,
			);
			defaultConfigurationIsVisible = 0;
			defaultConfigurationName = Release;
		};
		F73CFFFD2DCB4F46001F0A06 /* Build configuration list for PBXNativeTarget "number recallTests" */ = {
			isa = XCConfigurationList;
			buildConfigurations = (
				F73CFFFE2DCB4F46001F0A06 /* Debug */,
				F73CFFFF2DCB4F46001F0A06 /* Release */,
			);
			defaultConfigurationIsVisible = 0;
			defaultConfigurationName = Release;
		};
/* End XCConfigurationList section */

/* Begin XCRemoteSwiftPackageReference section */
		F784ACD42DCE094E00D3675F /* XCRemoteSwiftPackageReference "firebase-ios-sdk" */ = {
			isa = XCRemoteSwiftPackageReference;
			repositoryURL = "https://github.com/firebase/firebase-ios-sdk";
			requirement = {
				kind = upToNextMajorVersion;
				minimumVersion = 11.12.0;
			};
		};
/* End XCRemoteSwiftPackageReference section */

/* Begin XCSwiftPackageProductDependency section */
		F784ACD52DCE094E00D3675F /* FirebaseAuth */ = {
			isa = XCSwiftPackageProductDependency;
			package = F784ACD42DCE094E00D3675F /* XCRemoteSwiftPackageReference "firebase-ios-sdk" */;
			productName = FirebaseAuth;
		};
		F784ACD72DCE094E00D3675F /* FirebaseCore */ = {
			isa = XCSwiftPackageProductDependency;
			package = F784ACD42DCE094E00D3675F /* XCRemoteSwiftPackageReference "firebase-ios-sdk" */;
			productName = FirebaseCore;
		};
		F784ACD92DCE094E00D3675F /* FirebaseFirestore */ = {
			isa = XCSwiftPackageProductDependency;
			package = F784ACD42DCE094E00D3675F /* XCRemoteSwiftPackageReference "firebase-ios-sdk" */;
			productName = FirebaseFirestore;
		};
		F784ACDB2DCE094E00D3675F /* FirebaseStorage */ = {
			isa = XCSwiftPackageProductDependency;
			package = F784ACD42DCE094E00D3675F /* XCRemoteSwiftPackageReference "firebase-ios-sdk" */;
			productName = FirebaseStorage;
		};
/* End XCSwiftPackageProductDependency section */
	};
	rootObject = F73CFFCE2DCB4F45001F0A06 /* Project object */;
}
